
Microsoft Visual Studio Solution File, Format Version 12.00
# Visual Studio Version 17
VisualStudioVersion = 17.3.32901.215
MinimumVisualStudioVersion = 10.0.40219.1
Project("{FAE04EC0-301F-11D3-BF4B-00C04F79EFBC}") = "PermabuffsV2", "PermabuffsV2\PermabuffsV2.csproj", "{0EA1D145-5AC1-4BF8-95C0-00471A77B65C}"
EndProject
Global
	GlobalSection(SolutionConfigurationPlatforms) = preSolution
		Debug|Any CPU = Debug|Any CPU
		Release|Any CPU = Release|Any CPU
	EndGlobalSection
	GlobalSection(ProjectConfigurationPlatforms) = postSolution
		{0EA1D145-5AC1-4BF8-95C0-00471A77B65C}.Debug|Any CPU.ActiveCfg = Debug|Any CPU
		{0EA1D145-5AC1-4BF8-95C0-00471A77B65C}.Debug|Any CPU.Build.0 = Debug|Any CPU
		{0EA1D145-5AC1-4BF8-95C0-00471A77B65C}.Release|Any CPU.ActiveCfg = Release|Any CPU
		{0EA1D145-5AC1-4BF8-95C0-00471A77B65C}.Release|Any CPU.Build.0 = Release|Any CPU
	EndGlobalSection
	GlobalSection(SolutionProperties) = preSolution
		HideSolutionNode = FALSE
	EndGlobalSection
	GlobalSection(ExtensibilityGlobals) = postSolution
		SolutionGuid = {5122BEDF-84C7-487F-AECA-A10EC33F91B1}
	EndGlobalSection
EndGlobal
